
Microsoft Visual Studio Solution File, Format Version 12.00
# Visual Studio Version 17
VisualStudioVersion = 17.0.31903.59
MinimumVisualStudioVersion = 10.0.40219.1
Project("{2150E333-8FDC-42A3-9474-1A3956D46DE8}") = "src", "src", "{827E0CD3-B72D-47B6-A68D-7590B98EB39B}"
EndProject
Project("{FAE04EC0-301F-11D3-BF4B-00C04F79EFBC}") = "Core", "src\Core\Core.csproj", "{A71D8EA9-BEFF-40AF-A14D-6F13103E6BD7}"
EndProject
Project("{2150E333-8FDC-42A3-9474-1A3956D46DE8}") = "tests", "tests", "{0AB3BF05-4346-4AA6-1389-037BE0695223}"
EndProject
Project("{FAE04EC0-301F-11D3-BF4B-00C04F79EFBC}") = "Core.Tests", "tests\Core.Tests\Core.Tests.csproj", "{2F1569BF-F169-4A2D-8ADB-92CA087CF40C}"
EndProject
Project("{FAE04EC0-301F-11D3-BF4B-00C04F79EFBC}") = "SourceGenerators", "src\SourceGenerators\SourceGenerators.csproj", "{DC69FCCE-FD46-4931-89A4-1C088BE24D56}"
EndProject
Project("{FAE04EC0-301F-11D3-BF4B-00C04F79EFBC}") = "SourceGenerators.Tests", "tests\SourceGenerators.Tests\SourceGenerators.Tests.csproj", "{8982F538-0A64-442F-800B-6903B91FF03A}"
EndProject
Project("{FAE04EC0-301F-11D3-BF4B-00C04F79EFBC}") = "Persistence", "src\Persistence\Persistence.csproj", "{65E8EA50-3E1C-453F-BD81-38B48626BA27}"
EndProject
Project("{FAE04EC0-301F-11D3-BF4B-00C04F79EFBC}") = "Persistence.Tests", "tests\Persistence.Tests\Persistence.Tests.csproj", "{3F817A50-57AD-4936-A832-68167B63B82A}"
EndProject
Project("{FAE04EC0-301F-11D3-BF4B-00C04F79EFBC}") = "Release.Tests", "tests\Release.Tests\Release.Tests.csproj", "{FE3FA0ED-FB2E-4FE7-8E4A-8A4E7B5E791E}"
EndProject
Project("{2150E333-8FDC-42A3-9474-1A3956D46DE8}") = "samples", "samples", "{5D20AA90-6969-D8BD-9DCD-8634F4692FDA}"
EndProject
Project("{FAE04EC0-301F-11D3-BF4B-00C04F79EFBC}") = "Core.FluentSample", "samples\Core.FluentSample\Core.FluentSample.csproj", "{AA1A4330-DBFE-4B3C-82DA-E054746FD51B}"
EndProject
Project("{FAE04EC0-301F-11D3-BF4B-00C04F79EFBC}") = "SourceGenerators.Sample", "samples\SourceGenerators.Sample\SourceGenerators.Sample.csproj", "{6F3E052A-0331-40E0-8DEC-2A984B9BE059}"
EndProject
Project("{FAE04EC0-301F-11D3-BF4B-00C04F79EFBC}") = "Graph.IntrospectionSample", "samples\Graph.IntrospectionSample\Graph.IntrospectionSample.csproj", "{890097B7-814E-479F-A99B-DE8D68608742}"
EndProject
Project("{FAE04EC0-301F-11D3-BF4B-00C04F79EFBC}") = "Persistence.Sample", "samples\Persistence.Sample\Persistence.Sample.csproj", "{8320D23B-2F0A-4CE8-B296-5DE26F6D0B4C}"
EndProject
Project("{FAE04EC0-301F-11D3-BF4B-00C04F79EFBC}") = "OpenTelemetry", "src\OpenTelemetry\OpenTelemetry.csproj", "{F071D03C-E7F8-4577-969E-D3E00170A056}"
EndProject
Project("{FAE04EC0-301F-11D3-BF4B-00C04F79EFBC}") = "OpenTelemetry.Tests", "tests\OpenTelemetry.Tests\OpenTelemetry.Tests.csproj", "{C84B1365-5F68-4359-981D-8B3D4C95241F}"
EndProject
Project("{FAE04EC0-301F-11D3-BF4B-00C04F79EFBC}") = "Core.ObservationSample", "samples\Core.ObservationSample\Core.ObservationSample.csproj", "{2B3F0E3B-36F5-4093-AD85-BE1EC0465C49}"
EndProject
Project("{FAE04EC0-301F-11D3-BF4B-00C04F79EFBC}") = "OpenTelemetry.InstrumentationSample", "samples\OpenTelemetry.InstrumentationSample\OpenTelemetry.InstrumentationSample.csproj", "{363A6934-6A27-4E86-AAED-7C9010C809A3}"
EndProject
Project("{FAE04EC0-301F-11D3-BF4B-00C04F79EFBC}") = "Visualization.Mermaid", "src\Visualization.Mermaid\Visualization.Mermaid.csproj", "{B91B4E53-6E76-4848-BB8D-D143D6D0AE2E}"
EndProject
Project("{FAE04EC0-301F-11D3-BF4B-00C04F79EFBC}") = "Visualization.Graphviz", "src\Visualization.Graphviz\Visualization.Graphviz.csproj", "{2AE61122-87E9-4881-A01F-D341544C8B10}"
EndProject
Project("{FAE04EC0-301F-11D3-BF4B-00C04F79EFBC}") = "Visualization.PlantUML", "src\Visualization.PlantUML\Visualization.PlantUML.csproj", "{DE06BD47-4881-4B22-A982-29F934985988}"
EndProject
Project("{FAE04EC0-301F-11D3-BF4B-00C04F79EFBC}") = "Visualization.Tests", "tests\Visualization.Tests\Visualization.Tests.csproj", "{0D42A4B9-9969-4D76-851F-B12D4B25821A}"
EndProject
Project("{FAE04EC0-301F-11D3-BF4B-00C04F79EFBC}") = "Graph.RenderingSample", "samples\Graph.RenderingSample\Graph.RenderingSample.csproj", "{EB7FAD4A-C003-44C3-B9EA-49B1F16ED39D}"
EndProject
Project("{FAE04EC0-301F-11D3-BF4B-00C04F79EFBC}") = "Core.ActionsSample", "samples\Core.ActionsSample\Core.ActionsSample.csproj", "{7E1FD81F-6D34-4000-95CE-6A089AFD35BC}"
EndProject
Project("{FAE04EC0-301F-11D3-BF4B-00C04F79EFBC}") = "Core.HierarchySample", "samples\Core.HierarchySample\Core.HierarchySample.csproj", "{CC272F73-73B7-4A7C-BA7D-5E4A52D9226E}"
EndProject
Project("{FAE04EC0-301F-11D3-BF4B-00C04F79EFBC}") = "Core.ParallelRegionsSample", "samples\Core.ParallelRegionsSample\Core.ParallelRegionsSample.csproj", "{73B93024-C3F8-4A0A-AF55-6843A9569C83}"
EndProject
Project("{FAE04EC0-301F-11D3-BF4B-00C04F79EFBC}") = "Interactive.ApiFrontendSample", "samples\Interactive.ApiFrontendSample\Interactive.ApiFrontendSample.csproj", "{8FC0C2E3-E355-4577-9AC8-435B15CF47F1}"
EndProject
Global
	GlobalSection(SolutionConfigurationPlatforms) = preSolution
		Debug|Any CPU = Debug|Any CPU
		Debug|x64 = Debug|x64
		Debug|x86 = Debug|x86
		Release|Any CPU = Release|Any CPU
		Release|x64 = Release|x64
		Release|x86 = Release|x86
	EndGlobalSection
	GlobalSection(ProjectConfigurationPlatforms) = postSolution
		{A71D8EA9-BEFF-40AF-A14D-6F13103E6BD7}.Debug|Any CPU.ActiveCfg = Debug|Any CPU
		{A71D8EA9-BEFF-40AF-A14D-6F13103E6BD7}.Debug|Any CPU.Build.0 = Debug|Any CPU
		{A71D8EA9-BEFF-40AF-A14D-6F13103E6BD7}.Debug|x64.ActiveCfg = Debug|Any CPU
		{A71D8EA9-BEFF-40AF-A14D-6F13103E6BD7}.Debug|x64.Build.0 = Debug|Any CPU
		{A71D8EA9-BEFF-40AF-A14D-6F13103E6BD7}.Debug|x86.ActiveCfg = Debug|Any CPU
		{A71D8EA9-BEFF-40AF-A14D-6F13103E6BD7}.Debug|x86.Build.0 = Debug|Any CPU
		{A71D8EA9-BEFF-40AF-A14D-6F13103E6BD7}.Release|Any CPU.ActiveCfg = Release|Any CPU
		{A71D8EA9-BEFF-40AF-A14D-6F13103E6BD7}.Release|Any CPU.Build.0 = Release|Any CPU
		{A71D8EA9-BEFF-40AF-A14D-6F13103E6BD7}.Release|x64.ActiveCfg = Release|Any CPU
		{A71D8EA9-BEFF-40AF-A14D-6F13103E6BD7}.Release|x64.Build.0 = Release|Any CPU
		{A71D8EA9-BEFF-40AF-A14D-6F13103E6BD7}.Release|x86.ActiveCfg = Release|Any CPU
		{A71D8EA9-BEFF-40AF-A14D-6F13103E6BD7}.Release|x86.Build.0 = Release|Any CPU
		{2F1569BF-F169-4A2D-8ADB-92CA087CF40C}.Debug|Any CPU.ActiveCfg = Debug|Any CPU
		{2F1569BF-F169-4A2D-8ADB-92CA087CF40C}.Debug|Any CPU.Build.0 = Debug|Any CPU
		{2F1569BF-F169-4A2D-8ADB-92CA087CF40C}.Debug|x64.ActiveCfg = Debug|Any CPU
		{2F1569BF-F169-4A2D-8ADB-92CA087CF40C}.Debug|x64.Build.0 = Debug|Any CPU
		{2F1569BF-F169-4A2D-8ADB-92CA087CF40C}.Debug|x86.ActiveCfg = Debug|Any CPU
		{2F1569BF-F169-4A2D-8ADB-92CA087CF40C}.Debug|x86.Build.0 = Debug|Any CPU
		{2F1569BF-F169-4A2D-8ADB-92CA087CF40C}.Release|Any CPU.ActiveCfg = Release|Any CPU
		{2F1569BF-F169-4A2D-8ADB-92CA087CF40C}.Release|Any CPU.Build.0 = Release|Any CPU
		{2F1569BF-F169-4A2D-8ADB-92CA087CF40C}.Release|x64.ActiveCfg = Release|Any CPU
		{2F1569BF-F169-4A2D-8ADB-92CA087CF40C}.Release|x64.Build.0 = Release|Any CPU
		{2F1569BF-F169-4A2D-8ADB-92CA087CF40C}.Release|x86.ActiveCfg = Release|Any CPU
		{2F1569BF-F169-4A2D-8ADB-92CA087CF40C}.Release|x86.Build.0 = Release|Any CPU
		{DC69FCCE-FD46-4931-89A4-1C088BE24D56}.Debug|Any CPU.ActiveCfg = Debug|Any CPU
		{DC69FCCE-FD46-4931-89A4-1C088BE24D56}.Debug|Any CPU.Build.0 = Debug|Any CPU
		{DC69FCCE-FD46-4931-89A4-1C088BE24D56}.Debug|x64.ActiveCfg = Debug|Any CPU
		{DC69FCCE-FD46-4931-89A4-1C088BE24D56}.Debug|x64.Build.0 = Debug|Any CPU
		{DC69FCCE-FD46-4931-89A4-1C088BE24D56}.Debug|x86.ActiveCfg = Debug|Any CPU
		{DC69FCCE-FD46-4931-89A4-1C088BE24D56}.Debug|x86.Build.0 = Debug|Any CPU
		{DC69FCCE-FD46-4931-89A4-1C088BE24D56}.Release|Any CPU.ActiveCfg = Release|Any CPU
		{DC69FCCE-FD46-4931-89A4-1C088BE24D56}.Release|Any CPU.Build.0 = Release|Any CPU
		{DC69FCCE-FD46-4931-89A4-1C088BE24D56}.Release|x64.ActiveCfg = Release|Any CPU
		{DC69FCCE-FD46-4931-89A4-1C088BE24D56}.Release|x64.Build.0 = Release|Any CPU
		{DC69FCCE-FD46-4931-89A4-1C088BE24D56}.Release|x86.ActiveCfg = Release|Any CPU
		{DC69FCCE-FD46-4931-89A4-1C088BE24D56}.Release|x86.Build.0 = Release|Any CPU
		{8982F538-0A64-442F-800B-6903B91FF03A}.Debug|Any CPU.ActiveCfg = Debug|Any CPU
		{8982F538-0A64-442F-800B-6903B91FF03A}.Debug|Any CPU.Build.0 = Debug|Any CPU
		{8982F538-0A64-442F-800B-6903B91FF03A}.Debug|x64.ActiveCfg = Debug|Any CPU
		{8982F538-0A64-442F-800B-6903B91FF03A}.Debug|x64.Build.0 = Debug|Any CPU
		{8982F538-0A64-442F-800B-6903B91FF03A}.Debug|x86.ActiveCfg = Debug|Any CPU
		{8982F538-0A64-442F-800B-6903B91FF03A}.Debug|x86.Build.0 = Debug|Any CPU
		{8982F538-0A64-442F-800B-6903B91FF03A}.Release|Any CPU.ActiveCfg = Release|Any CPU
		{8982F538-0A64-442F-800B-6903B91FF03A}.Release|Any CPU.Build.0 = Release|Any CPU
		{8982F538-0A64-442F-800B-6903B91FF03A}.Release|x64.ActiveCfg = Release|Any CPU
		{8982F538-0A64-442F-800B-6903B91FF03A}.Release|x64.Build.0 = Release|Any CPU
		{8982F538-0A64-442F-800B-6903B91FF03A}.Release|x86.ActiveCfg = Release|Any CPU
		{8982F538-0A64-442F-800B-6903B91FF03A}.Release|x86.Build.0 = Release|Any CPU
		{65E8EA50-3E1C-453F-BD81-38B48626BA27}.Debug|Any CPU.ActiveCfg = Debug|Any CPU
		{65E8EA50-3E1C-453F-BD81-38B48626BA27}.Debug|Any CPU.Build.0 = Debug|Any CPU
		{65E8EA50-3E1C-453F-BD81-38B48626BA27}.Debug|x64.ActiveCfg = Debug|Any CPU
		{65E8EA50-3E1C-453F-BD81-38B48626BA27}.Debug|x64.Build.0 = Debug|Any CPU
		{65E8EA50-3E1C-453F-BD81-38B48626BA27}.Debug|x86.ActiveCfg = Debug|Any CPU
		{65E8EA50-3E1C-453F-BD81-38B48626BA27}.Debug|x86.Build.0 = Debug|Any CPU
		{65E8EA50-3E1C-453F-BD81-38B48626BA27}.Release|Any CPU.ActiveCfg = Release|Any CPU
		{65E8EA50-3E1C-453F-BD81-38B48626BA27}.Release|Any CPU.Build.0 = Release|Any CPU
		{65E8EA50-3E1C-453F-BD81-38B48626BA27}.Release|x64.ActiveCfg = Release|Any CPU
		{65E8EA50-3E1C-453F-BD81-38B48626BA27}.Release|x64.Build.0 = Release|Any CPU
		{65E8EA50-3E1C-453F-BD81-38B48626BA27}.Release|x86.ActiveCfg = Release|Any CPU
		{65E8EA50-3E1C-453F-BD81-38B48626BA27}.Release|x86.Build.0 = Release|Any CPU
		{3F817A50-57AD-4936-A832-68167B63B82A}.Debug|Any CPU.ActiveCfg = Debug|Any CPU
		{3F817A50-57AD-4936-A832-68167B63B82A}.Debug|Any CPU.Build.0 = Debug|Any CPU
		{3F817A50-57AD-4936-A832-68167B63B82A}.Debug|x64.ActiveCfg = Debug|Any CPU
		{3F817A50-57AD-4936-A832-68167B63B82A}.Debug|x64.Build.0 = Debug|Any CPU
		{3F817A50-57AD-4936-A832-68167B63B82A}.Debug|x86.ActiveCfg = Debug|Any CPU
		{3F817A50-57AD-4936-A832-68167B63B82A}.Debug|x86.Build.0 = Debug|Any CPU
		{3F817A50-57AD-4936-A832-68167B63B82A}.Release|Any CPU.ActiveCfg = Release|Any CPU
		{3F817A50-57AD-4936-A832-68167B63B82A}.Release|Any CPU.Build.0 = Release|Any CPU
		{3F817A50-57AD-4936-A832-68167B63B82A}.Release|x64.ActiveCfg = Release|Any CPU
		{3F817A50-57AD-4936-A832-68167B63B82A}.Release|x64.Build.0 = Release|Any CPU
		{3F817A50-57AD-4936-A832-68167B63B82A}.Release|x86.ActiveCfg = Release|Any CPU
		{3F817A50-57AD-4936-A832-68167B63B82A}.Release|x86.Build.0 = Release|Any CPU
		{FE3FA0ED-FB2E-4FE7-8E4A-8A4E7B5E791E}.Debug|Any CPU.ActiveCfg = Debug|Any CPU
		{FE3FA0ED-FB2E-4FE7-8E4A-8A4E7B5E791E}.Debug|Any CPU.Build.0 = Debug|Any CPU
		{FE3FA0ED-FB2E-4FE7-8E4A-8A4E7B5E791E}.Debug|x64.ActiveCfg = Debug|Any CPU
		{FE3FA0ED-FB2E-4FE7-8E4A-8A4E7B5E791E}.Debug|x64.Build.0 = Debug|Any CPU
		{FE3FA0ED-FB2E-4FE7-8E4A-8A4E7B5E791E}.Debug|x86.ActiveCfg = Debug|Any CPU
		{FE3FA0ED-FB2E-4FE7-8E4A-8A4E7B5E791E}.Debug|x86.Build.0 = Debug|Any CPU
		{FE3FA0ED-FB2E-4FE7-8E4A-8A4E7B5E791E}.Release|Any CPU.ActiveCfg = Release|Any CPU
		{FE3FA0ED-FB2E-4FE7-8E4A-8A4E7B5E791E}.Release|Any CPU.Build.0 = Release|Any CPU
		{FE3FA0ED-FB2E-4FE7-8E4A-8A4E7B5E791E}.Release|x64.ActiveCfg = Release|Any CPU
		{FE3FA0ED-FB2E-4FE7-8E4A-8A4E7B5E791E}.Release|x64.Build.0 = Release|Any CPU
		{FE3FA0ED-FB2E-4FE7-8E4A-8A4E7B5E791E}.Release|x86.ActiveCfg = Release|Any CPU
		{FE3FA0ED-FB2E-4FE7-8E4A-8A4E7B5E791E}.Release|x86.Build.0 = Release|Any CPU
		{AA1A4330-DBFE-4B3C-82DA-E054746FD51B}.Debug|Any CPU.ActiveCfg = Debug|Any CPU
		{AA1A4330-DBFE-4B3C-82DA-E054746FD51B}.Debug|Any CPU.Build.0 = Debug|Any CPU
		{AA1A4330-DBFE-4B3C-82DA-E054746FD51B}.Debug|x64.ActiveCfg = Debug|Any CPU
		{AA1A4330-DBFE-4B3C-82DA-E054746FD51B}.Debug|x64.Build.0 = Debug|Any CPU
		{AA1A4330-DBFE-4B3C-82DA-E054746FD51B}.Debug|x86.ActiveCfg = Debug|Any CPU
		{AA1A4330-DBFE-4B3C-82DA-E054746FD51B}.Debug|x86.Build.0 = Debug|Any CPU
		{AA1A4330-DBFE-4B3C-82DA-E054746FD51B}.Release|Any CPU.ActiveCfg = Release|Any CPU
		{AA1A4330-DBFE-4B3C-82DA-E054746FD51B}.Release|Any CPU.Build.0 = Release|Any CPU
		{AA1A4330-DBFE-4B3C-82DA-E054746FD51B}.Release|x64.ActiveCfg = Release|Any CPU
		{AA1A4330-DBFE-4B3C-82DA-E054746FD51B}.Release|x64.Build.0 = Release|Any CPU
		{AA1A4330-DBFE-4B3C-82DA-E054746FD51B}.Release|x86.ActiveCfg = Release|Any CPU
		{AA1A4330-DBFE-4B3C-82DA-E054746FD51B}.Release|x86.Build.0 = Release|Any CPU
		{6F3E052A-0331-40E0-8DEC-2A984B9BE059}.Debug|Any CPU.ActiveCfg = Debug|Any CPU
		{6F3E052A-0331-40E0-8DEC-2A984B9BE059}.Debug|Any CPU.Build.0 = Debug|Any CPU
		{6F3E052A-0331-40E0-8DEC-2A984B9BE059}.Debug|x64.ActiveCfg = Debug|Any CPU
		{6F3E052A-0331-40E0-8DEC-2A984B9BE059}.Debug|x64.Build.0 = Debug|Any CPU
		{6F3E052A-0331-40E0-8DEC-2A984B9BE059}.Debug|x86.ActiveCfg = Debug|Any CPU
		{6F3E052A-0331-40E0-8DEC-2A984B9BE059}.Debug|x86.Build.0 = Debug|Any CPU
		{6F3E052A-0331-40E0-8DEC-2A984B9BE059}.Release|Any CPU.ActiveCfg = Release|Any CPU
		{6F3E052A-0331-40E0-8DEC-2A984B9BE059}.Release|Any CPU.Build.0 = Release|Any CPU
		{6F3E052A-0331-40E0-8DEC-2A984B9BE059}.Release|x64.ActiveCfg = Release|Any CPU
		{6F3E052A-0331-40E0-8DEC-2A984B9BE059}.Release|x64.Build.0 = Release|Any CPU
		{6F3E052A-0331-40E0-8DEC-2A984B9BE059}.Release|x86.ActiveCfg = Release|Any CPU
		{6F3E052A-0331-40E0-8DEC-2A984B9BE059}.Release|x86.Build.0 = Release|Any CPU
		{890097B7-814E-479F-A99B-DE8D68608742}.Debug|Any CPU.ActiveCfg = Debug|Any CPU
		{890097B7-814E-479F-A99B-DE8D68608742}.Debug|Any CPU.Build.0 = Debug|Any CPU
		{890097B7-814E-479F-A99B-DE8D68608742}.Debug|x64.ActiveCfg = Debug|Any CPU
		{890097B7-814E-479F-A99B-DE8D68608742}.Debug|x64.Build.0 = Debug|Any CPU
		{890097B7-814E-479F-A99B-DE8D68608742}.Debug|x86.ActiveCfg = Debug|Any CPU
		{890097B7-814E-479F-A99B-DE8D68608742}.Debug|x86.Build.0 = Debug|Any CPU
		{890097B7-814E-479F-A99B-DE8D68608742}.Release|Any CPU.ActiveCfg = Release|Any CPU
		{890097B7-814E-479F-A99B-DE8D68608742}.Release|Any CPU.Build.0 = Release|Any CPU
		{890097B7-814E-479F-A99B-DE8D68608742}.Release|x64.ActiveCfg = Release|Any CPU
		{890097B7-814E-479F-A99B-DE8D68608742}.Release|x64.Build.0 = Release|Any CPU
		{890097B7-814E-479F-A99B-DE8D68608742}.Release|x86.ActiveCfg = Release|Any CPU
		{890097B7-814E-479F-A99B-DE8D68608742}.Release|x86.Build.0 = Release|Any CPU
		{8320D23B-2F0A-4CE8-B296-5DE26F6D0B4C}.Debug|Any CPU.ActiveCfg = Debug|Any CPU
		{8320D23B-2F0A-4CE8-B296-5DE26F6D0B4C}.Debug|Any CPU.Build.0 = Debug|Any CPU
		{8320D23B-2F0A-4CE8-B296-5DE26F6D0B4C}.Debug|x64.ActiveCfg = Debug|Any CPU
		{8320D23B-2F0A-4CE8-B296-5DE26F6D0B4C}.Debug|x64.Build.0 = Debug|Any CPU
		{8320D23B-2F0A-4CE8-B296-5DE26F6D0B4C}.Debug|x86.ActiveCfg = Debug|Any CPU
		{8320D23B-2F0A-4CE8-B296-5DE26F6D0B4C}.Debug|x86.Build.0 = Debug|Any CPU
		{8320D23B-2F0A-4CE8-B296-5DE26F6D0B4C}.Release|Any CPU.ActiveCfg = Release|Any CPU
		{8320D23B-2F0A-4CE8-B296-5DE26F6D0B4C}.Release|Any CPU.Build.0 = Release|Any CPU
		{8320D23B-2F0A-4CE8-B296-5DE26F6D0B4C}.Release|x64.ActiveCfg = Release|Any CPU
		{8320D23B-2F0A-4CE8-B296-5DE26F6D0B4C}.Release|x64.Build.0 = Release|Any CPU
		{8320D23B-2F0A-4CE8-B296-5DE26F6D0B4C}.Release|x86.ActiveCfg = Release|Any CPU
		{8320D23B-2F0A-4CE8-B296-5DE26F6D0B4C}.Release|x86.Build.0 = Release|Any CPU
		{F071D03C-E7F8-4577-969E-D3E00170A056}.Debug|Any CPU.ActiveCfg = Debug|Any CPU
		{F071D03C-E7F8-4577-969E-D3E00170A056}.Debug|Any CPU.Build.0 = Debug|Any CPU
		{F071D03C-E7F8-4577-969E-D3E00170A056}.Debug|x64.ActiveCfg = Debug|Any CPU
		{F071D03C-E7F8-4577-969E-D3E00170A056}.Debug|x64.Build.0 = Debug|Any CPU
		{F071D03C-E7F8-4577-969E-D3E00170A056}.Debug|x86.ActiveCfg = Debug|Any CPU
		{F071D03C-E7F8-4577-969E-D3E00170A056}.Debug|x86.Build.0 = Debug|Any CPU
		{F071D03C-E7F8-4577-969E-D3E00170A056}.Release|Any CPU.ActiveCfg = Release|Any CPU
		{F071D03C-E7F8-4577-969E-D3E00170A056}.Release|Any CPU.Build.0 = Release|Any CPU
		{F071D03C-E7F8-4577-969E-D3E00170A056}.Release|x64.ActiveCfg = Release|Any CPU
		{F071D03C-E7F8-4577-969E-D3E00170A056}.Release|x64.Build.0 = Release|Any CPU
		{F071D03C-E7F8-4577-969E-D3E00170A056}.Release|x86.ActiveCfg = Release|Any CPU
		{F071D03C-E7F8-4577-969E-D3E00170A056}.Release|x86.Build.0 = Release|Any CPU
		{C84B1365-5F68-4359-981D-8B3D4C95241F}.Debug|Any CPU.ActiveCfg = Debug|Any CPU
		{C84B1365-5F68-4359-981D-8B3D4C95241F}.Debug|Any CPU.Build.0 = Debug|Any CPU
		{C84B1365-5F68-4359-981D-8B3D4C95241F}.Debug|x64.ActiveCfg = Debug|Any CPU
		{C84B1365-5F68-4359-981D-8B3D4C95241F}.Debug|x64.Build.0 = Debug|Any CPU
		{C84B1365-5F68-4359-981D-8B3D4C95241F}.Debug|x86.ActiveCfg = Debug|Any CPU
		{C84B1365-5F68-4359-981D-8B3D4C95241F}.Debug|x86.Build.0 = Debug|Any CPU
		{C84B1365-5F68-4359-981D-8B3D4C95241F}.Release|Any CPU.ActiveCfg = Release|Any CPU
		{C84B1365-5F68-4359-981D-8B3D4C95241F}.Release|Any CPU.Build.0 = Release|Any CPU
		{C84B1365-5F68-4359-981D-8B3D4C95241F}.Release|x64.ActiveCfg = Release|Any CPU
		{C84B1365-5F68-4359-981D-8B3D4C95241F}.Release|x64.Build.0 = Release|Any CPU
		{C84B1365-5F68-4359-981D-8B3D4C95241F}.Release|x86.ActiveCfg = Release|Any CPU
		{C84B1365-5F68-4359-981D-8B3D4C95241F}.Release|x86.Build.0 = Release|Any CPU
		{2B3F0E3B-36F5-4093-AD85-BE1EC0465C49}.Debug|Any CPU.ActiveCfg = Debug|Any CPU
		{2B3F0E3B-36F5-4093-AD85-BE1EC0465C49}.Debug|Any CPU.Build.0 = Debug|Any CPU
		{2B3F0E3B-36F5-4093-AD85-BE1EC0465C49}.Debug|x64.ActiveCfg = Debug|Any CPU
		{2B3F0E3B-36F5-4093-AD85-BE1EC0465C49}.Debug|x64.Build.0 = Debug|Any CPU
		{2B3F0E3B-36F5-4093-AD85-BE1EC0465C49}.Debug|x86.ActiveCfg = Debug|Any CPU
		{2B3F0E3B-36F5-4093-AD85-BE1EC0465C49}.Debug|x86.Build.0 = Debug|Any CPU
		{2B3F0E3B-36F5-4093-AD85-BE1EC0465C49}.Release|Any CPU.ActiveCfg = Release|Any CPU
		{2B3F0E3B-36F5-4093-AD85-BE1EC0465C49}.Release|Any CPU.Build.0 = Release|Any CPU
		{2B3F0E3B-36F5-4093-AD85-BE1EC0465C49}.Release|x64.ActiveCfg = Release|Any CPU
		{2B3F0E3B-36F5-4093-AD85-BE1EC0465C49}.Release|x64.Build.0 = Release|Any CPU
		{2B3F0E3B-36F5-4093-AD85-BE1EC0465C49}.Release|x86.ActiveCfg = Release|Any CPU
		{2B3F0E3B-36F5-4093-AD85-BE1EC0465C49}.Release|x86.Build.0 = Release|Any CPU
		{363A6934-6A27-4E86-AAED-7C9010C809A3}.Debug|Any CPU.ActiveCfg = Debug|Any CPU
		{363A6934-6A27-4E86-AAED-7C9010C809A3}.Debug|Any CPU.Build.0 = Debug|Any CPU
		{363A6934-6A27-4E86-AAED-7C9010C809A3}.Debug|x64.ActiveCfg = Debug|Any CPU
		{363A6934-6A27-4E86-AAED-7C9010C809A3}.Debug|x64.Build.0 = Debug|Any CPU
		{363A6934-6A27-4E86-AAED-7C9010C809A3}.Debug|x86.ActiveCfg = Debug|Any CPU
		{363A6934-6A27-4E86-AAED-7C9010C809A3}.Debug|x86.Build.0 = Debug|Any CPU
		{363A6934-6A27-4E86-AAED-7C9010C809A3}.Release|Any CPU.ActiveCfg = Release|Any CPU
		{363A6934-6A27-4E86-AAED-7C9010C809A3}.Release|Any CPU.Build.0 = Release|Any CPU
		{363A6934-6A27-4E86-AAED-7C9010C809A3}.Release|x64.ActiveCfg = Release|Any CPU
		{363A6934-6A27-4E86-AAED-7C9010C809A3}.Release|x64.Build.0 = Release|Any CPU
		{363A6934-6A27-4E86-AAED-7C9010C809A3}.Release|x86.ActiveCfg = Release|Any CPU
		{363A6934-6A27-4E86-AAED-7C9010C809A3}.Release|x86.Build.0 = Release|Any CPU
		{B91B4E53-6E76-4848-BB8D-D143D6D0AE2E}.Debug|Any CPU.ActiveCfg = Debug|Any CPU
		{B91B4E53-6E76-4848-BB8D-D143D6D0AE2E}.Debug|Any CPU.Build.0 = Debug|Any CPU
		{B91B4E53-6E76-4848-BB8D-D143D6D0AE2E}.Debug|x64.ActiveCfg = Debug|Any CPU
		{B91B4E53-6E76-4848-BB8D-D143D6D0AE2E}.Debug|x64.Build.0 = Debug|Any CPU
		{B91B4E53-6E76-4848-BB8D-D143D6D0AE2E}.Debug|x86.ActiveCfg = Debug|Any CPU
		{B91B4E53-6E76-4848-BB8D-D143D6D0AE2E}.Debug|x86.Build.0 = Debug|Any CPU
		{B91B4E53-6E76-4848-BB8D-D143D6D0AE2E}.Release|Any CPU.ActiveCfg = Release|Any CPU
		{B91B4E53-6E76-4848-BB8D-D143D6D0AE2E}.Release|Any CPU.Build.0 = Release|Any CPU
		{B91B4E53-6E76-4848-BB8D-D143D6D0AE2E}.Release|x64.ActiveCfg = Release|Any CPU
		{B91B4E53-6E76-4848-BB8D-D143D6D0AE2E}.Release|x64.Build.0 = Release|Any CPU
		{B91B4E53-6E76-4848-BB8D-D143D6D0AE2E}.Release|x86.ActiveCfg = Release|Any CPU
		{B91B4E53-6E76-4848-BB8D-D143D6D0AE2E}.Release|x86.Build.0 = Release|Any CPU
		{2AE61122-87E9-4881-A01F-D341544C8B10}.Debug|Any CPU.ActiveCfg = Debug|Any CPU
		{2AE61122-87E9-4881-A01F-D341544C8B10}.Debug|Any CPU.Build.0 = Debug|Any CPU
		{2AE61122-87E9-4881-A01F-D341544C8B10}.Debug|x64.ActiveCfg = Debug|Any CPU
		{2AE61122-87E9-4881-A01F-D341544C8B10}.Debug|x64.Build.0 = Debug|Any CPU
		{2AE61122-87E9-4881-A01F-D341544C8B10}.Debug|x86.ActiveCfg = Debug|Any CPU
		{2AE61122-87E9-4881-A01F-D341544C8B10}.Debug|x86.Build.0 = Debug|Any CPU
		{2AE61122-87E9-4881-A01F-D341544C8B10}.Release|Any CPU.ActiveCfg = Release|Any CPU
		{2AE61122-87E9-4881-A01F-D341544C8B10}.Release|Any CPU.Build.0 = Release|Any CPU
		{2AE61122-87E9-4881-A01F-D341544C8B10}.Release|x64.ActiveCfg = Release|Any CPU
		{2AE61122-87E9-4881-A01F-D341544C8B10}.Release|x64.Build.0 = Release|Any CPU
		{2AE61122-87E9-4881-A01F-D341544C8B10}.Release|x86.ActiveCfg = Release|Any CPU
		{2AE61122-87E9-4881-A01F-D341544C8B10}.Release|x86.Build.0 = Release|Any CPU
		{DE06BD47-4881-4B22-A982-29F934985988}.Debug|Any CPU.ActiveCfg = Debug|Any CPU
		{DE06BD47-4881-4B22-A982-29F934985988}.Debug|Any CPU.Build.0 = Debug|Any CPU
		{DE06BD47-4881-4B22-A982-29F934985988}.Debug|x64.ActiveCfg = Debug|Any CPU
		{DE06BD47-4881-4B22-A982-29F934985988}.Debug|x64.Build.0 = Debug|Any CPU
		{DE06BD47-4881-4B22-A982-29F934985988}.Debug|x86.ActiveCfg = Debug|Any CPU
		{DE06BD47-4881-4B22-A982-29F934985988}.Debug|x86.Build.0 = Debug|Any CPU
		{DE06BD47-4881-4B22-A982-29F934985988}.Release|Any CPU.ActiveCfg = Release|Any CPU
		{DE06BD47-4881-4B22-A982-29F934985988}.Release|Any CPU.Build.0 = Release|Any CPU
		{DE06BD47-4881-4B22-A982-29F934985988}.Release|x64.ActiveCfg = Release|Any CPU
		{DE06BD47-4881-4B22-A982-29F934985988}.Release|x64.Build.0 = Release|Any CPU
		{DE06BD47-4881-4B22-A982-29F934985988}.Release|x86.ActiveCfg = Release|Any CPU
		{DE06BD47-4881-4B22-A982-29F934985988}.Release|x86.Build.0 = Release|Any CPU
		{0D42A4B9-9969-4D76-851F-B12D4B25821A}.Debug|Any CPU.ActiveCfg = Debug|Any CPU
		{0D42A4B9-9969-4D76-851F-B12D4B25821A}.Debug|Any CPU.Build.0 = Debug|Any CPU
		{0D42A4B9-9969-4D76-851F-B12D4B25821A}.Debug|x64.ActiveCfg = Debug|Any CPU
		{0D42A4B9-9969-4D76-851F-B12D4B25821A}.Debug|x64.Build.0 = Debug|Any CPU
		{0D42A4B9-9969-4D76-851F-B12D4B25821A}.Debug|x86.ActiveCfg = Debug|Any CPU
		{0D42A4B9-9969-4D76-851F-B12D4B25821A}.Debug|x86.Build.0 = Debug|Any CPU
		{0D42A4B9-9969-4D76-851F-B12D4B25821A}.Release|Any CPU.ActiveCfg = Release|Any CPU
		{0D42A4B9-9969-4D76-851F-B12D4B25821A}.Release|Any CPU.Build.0 = Release|Any CPU
		{0D42A4B9-9969-4D76-851F-B12D4B25821A}.Release|x64.ActiveCfg = Release|Any CPU
		{0D42A4B9-9969-4D76-851F-B12D4B25821A}.Release|x64.Build.0 = Release|Any CPU
		{0D42A4B9-9969-4D76-851F-B12D4B25821A}.Release|x86.ActiveCfg = Release|Any CPU
		{0D42A4B9-9969-4D76-851F-B12D4B25821A}.Release|x86.Build.0 = Release|Any CPU
		{EB7FAD4A-C003-44C3-B9EA-49B1F16ED39D}.Debug|Any CPU.ActiveCfg = Debug|Any CPU
		{EB7FAD4A-C003-44C3-B9EA-49B1F16ED39D}.Debug|Any CPU.Build.0 = Debug|Any CPU
		{EB7FAD4A-C003-44C3-B9EA-49B1F16ED39D}.Debug|x64.ActiveCfg = Debug|Any CPU
		{EB7FAD4A-C003-44C3-B9EA-49B1F16ED39D}.Debug|x64.Build.0 = Debug|Any CPU
		{EB7FAD4A-C003-44C3-B9EA-49B1F16ED39D}.Debug|x86.ActiveCfg = Debug|Any CPU
		{EB7FAD4A-C003-44C3-B9EA-49B1F16ED39D}.Debug|x86.Build.0 = Debug|Any CPU
		{EB7FAD4A-C003-44C3-B9EA-49B1F16ED39D}.Release|Any CPU.ActiveCfg = Release|Any CPU
		{EB7FAD4A-C003-44C3-B9EA-49B1F16ED39D}.Release|Any CPU.Build.0 = Release|Any CPU
		{EB7FAD4A-C003-44C3-B9EA-49B1F16ED39D}.Release|x64.ActiveCfg = Release|Any CPU
		{EB7FAD4A-C003-44C3-B9EA-49B1F16ED39D}.Release|x64.Build.0 = Release|Any CPU
		{EB7FAD4A-C003-44C3-B9EA-49B1F16ED39D}.Release|x86.ActiveCfg = Release|Any CPU
		{EB7FAD4A-C003-44C3-B9EA-49B1F16ED39D}.Release|x86.Build.0 = Release|Any CPU
		{7E1FD81F-6D34-4000-95CE-6A089AFD35BC}.Debug|Any CPU.ActiveCfg = Debug|Any CPU
		{7E1FD81F-6D34-4000-95CE-6A089AFD35BC}.Debug|Any CPU.Build.0 = Debug|Any CPU
		{7E1FD81F-6D34-4000-95CE-6A089AFD35BC}.Debug|x64.ActiveCfg = Debug|Any CPU
		{7E1FD81F-6D34-4000-95CE-6A089AFD35BC}.Debug|x64.Build.0 = Debug|Any CPU
		{7E1FD81F-6D34-4000-95CE-6A089AFD35BC}.Debug|x86.ActiveCfg = Debug|Any CPU
		{7E1FD81F-6D34-4000-95CE-6A089AFD35BC}.Debug|x86.Build.0 = Debug|Any CPU
		{7E1FD81F-6D34-4000-95CE-6A089AFD35BC}.Release|Any CPU.ActiveCfg = Release|Any CPU
		{7E1FD81F-6D34-4000-95CE-6A089AFD35BC}.Release|Any CPU.Build.0 = Release|Any CPU
		{7E1FD81F-6D34-4000-95CE-6A089AFD35BC}.Release|x64.ActiveCfg = Release|Any CPU
		{7E1FD81F-6D34-4000-95CE-6A089AFD35BC}.Release|x64.Build.0 = Release|Any CPU
		{7E1FD81F-6D34-4000-95CE-6A089AFD35BC}.Release|x86.ActiveCfg = Release|Any CPU
		{7E1FD81F-6D34-4000-95CE-6A089AFD35BC}.Release|x86.Build.0 = Release|Any CPU
		{CC272F73-73B7-4A7C-BA7D-5E4A52D9226E}.Debug|Any CPU.ActiveCfg = Debug|Any CPU
		{CC272F73-73B7-4A7C-BA7D-5E4A52D9226E}.Debug|Any CPU.Build.0 = Debug|Any CPU
		{CC272F73-73B7-4A7C-BA7D-5E4A52D9226E}.Debug|x64.ActiveCfg = Debug|Any CPU
		{CC272F73-73B7-4A7C-BA7D-5E4A52D9226E}.Debug|x64.Build.0 = Debug|Any CPU
		{CC272F73-73B7-4A7C-BA7D-5E4A52D9226E}.Debug|x86.ActiveCfg = Debug|Any CPU
		{CC272F73-73B7-4A7C-BA7D-5E4A52D9226E}.Debug|x86.Build.0 = Debug|Any CPU
		{CC272F73-73B7-4A7C-BA7D-5E4A52D9226E}.Release|Any CPU.ActiveCfg = Release|Any CPU
		{CC272F73-73B7-4A7C-BA7D-5E4A52D9226E}.Release|Any CPU.Build.0 = Release|Any CPU
		{CC272F73-73B7-4A7C-BA7D-5E4A52D9226E}.Release|x64.ActiveCfg = Release|Any CPU
		{CC272F73-73B7-4A7C-BA7D-5E4A52D9226E}.Release|x64.Build.0 = Release|Any CPU
		{CC272F73-73B7-4A7C-BA7D-5E4A52D9226E}.Release|x86.ActiveCfg = Release|Any CPU
		{CC272F73-73B7-4A7C-BA7D-5E4A52D9226E}.Release|x86.Build.0 = Release|Any CPU
		{73B93024-C3F8-4A0A-AF55-6843A9569C83}.Debug|Any CPU.ActiveCfg = Debug|Any CPU
		{73B93024-C3F8-4A0A-AF55-6843A9569C83}.Debug|Any CPU.Build.0 = Debug|Any CPU
		{73B93024-C3F8-4A0A-AF55-6843A9569C83}.Debug|x64.ActiveCfg = Debug|Any CPU
		{73B93024-C3F8-4A0A-AF55-6843A9569C83}.Debug|x64.Build.0 = Debug|Any CPU
		{73B93024-C3F8-4A0A-AF55-6843A9569C83}.Debug|x86.ActiveCfg = Debug|Any CPU
		{73B93024-C3F8-4A0A-AF55-6843A9569C83}.Debug|x86.Build.0 = Debug|Any CPU
		{73B93024-C3F8-4A0A-AF55-6843A9569C83}.Release|Any CPU.ActiveCfg = Release|Any CPU
		{73B93024-C3F8-4A0A-AF55-6843A9569C83}.Release|Any CPU.Build.0 = Release|Any CPU
		{73B93024-C3F8-4A0A-AF55-6843A9569C83}.Release|x64.ActiveCfg = Release|Any CPU
		{73B93024-C3F8-4A0A-AF55-6843A9569C83}.Release|x64.Build.0 = Release|Any CPU
		{73B93024-C3F8-4A0A-AF55-6843A9569C83}.Release|x86.ActiveCfg = Release|Any CPU
		{73B93024-C3F8-4A0A-AF55-6843A9569C83}.Release|x86.Build.0 = Release|Any CPU
		{8FC0C2E3-E355-4577-9AC8-435B15CF47F1}.Debug|Any CPU.ActiveCfg = Debug|Any CPU
		{8FC0C2E3-E355-4577-9AC8-435B15CF47F1}.Debug|Any CPU.Build.0 = Debug|Any CPU
		{8FC0C2E3-E355-4577-9AC8-435B15CF47F1}.Debug|x64.ActiveCfg = Debug|Any CPU
		{8FC0C2E3-E355-4577-9AC8-435B15CF47F1}.Debug|x64.Build.0 = Debug|Any CPU
		{8FC0C2E3-E355-4577-9AC8-435B15CF47F1}.Debug|x86.ActiveCfg = Debug|Any CPU
		{8FC0C2E3-E355-4577-9AC8-435B15CF47F1}.Debug|x86.Build.0 = Debug|Any CPU
		{8FC0C2E3-E355-4577-9AC8-435B15CF47F1}.Release|Any CPU.ActiveCfg = Release|Any CPU
		{8FC0C2E3-E355-4577-9AC8-435B15CF47F1}.Release|Any CPU.Build.0 = Release|Any CPU
		{8FC0C2E3-E355-4577-9AC8-435B15CF47F1}.Release|x64.ActiveCfg = Release|Any CPU
		{8FC0C2E3-E355-4577-9AC8-435B15CF47F1}.Release|x64.Build.0 = Release|Any CPU
		{8FC0C2E3-E355-4577-9AC8-435B15CF47F1}.Release|x86.ActiveCfg = Release|Any CPU
		{8FC0C2E3-E355-4577-9AC8-435B15CF47F1}.Release|x86.Build.0 = Release|Any CPU
	EndGlobalSection
	GlobalSection(SolutionProperties) = preSolution
		HideSolutionNode = FALSE
	EndGlobalSection
	GlobalSection(NestedProjects) = preSolution
		{A71D8EA9-BEFF-40AF-A14D-6F13103E6BD7} = {827E0CD3-B72D-47B6-A68D-7590B98EB39B}
		{2F1569BF-F169-4A2D-8ADB-92CA087CF40C} = {0AB3BF05-4346-4AA6-1389-037BE0695223}
		{DC69FCCE-FD46-4931-89A4-1C088BE24D56} = {827E0CD3-B72D-47B6-A68D-7590B98EB39B}
		{8982F538-0A64-442F-800B-6903B91FF03A} = {0AB3BF05-4346-4AA6-1389-037BE0695223}
		{65E8EA50-3E1C-453F-BD81-38B48626BA27} = {827E0CD3-B72D-47B6-A68D-7590B98EB39B}
		{3F817A50-57AD-4936-A832-68167B63B82A} = {0AB3BF05-4346-4AA6-1389-037BE0695223}
		{FE3FA0ED-FB2E-4FE7-8E4A-8A4E7B5E791E} = {0AB3BF05-4346-4AA6-1389-037BE0695223}
		{AA1A4330-DBFE-4B3C-82DA-E054746FD51B} = {5D20AA90-6969-D8BD-9DCD-8634F4692FDA}
		{6F3E052A-0331-40E0-8DEC-2A984B9BE059} = {5D20AA90-6969-D8BD-9DCD-8634F4692FDA}
		{890097B7-814E-479F-A99B-DE8D68608742} = {5D20AA90-6969-D8BD-9DCD-8634F4692FDA}
		{8320D23B-2F0A-4CE8-B296-5DE26F6D0B4C} = {5D20AA90-6969-D8BD-9DCD-8634F4692FDA}
		{F071D03C-E7F8-4577-969E-D3E00170A056} = {827E0CD3-B72D-47B6-A68D-7590B98EB39B}
		{C84B1365-5F68-4359-981D-8B3D4C95241F} = {0AB3BF05-4346-4AA6-1389-037BE0695223}
		{2B3F0E3B-36F5-4093-AD85-BE1EC0465C49} = {5D20AA90-6969-D8BD-9DCD-8634F4692FDA}
		{363A6934-6A27-4E86-AAED-7C9010C809A3} = {5D20AA90-6969-D8BD-9DCD-8634F4692FDA}
		{B91B4E53-6E76-4848-BB8D-D143D6D0AE2E} = {827E0CD3-B72D-47B6-A68D-7590B98EB39B}
		{2AE61122-87E9-4881-A01F-D341544C8B10} = {827E0CD3-B72D-47B6-A68D-7590B98EB39B}
		{DE06BD47-4881-4B22-A982-29F934985988} = {827E0CD3-B72D-47B6-A68D-7590B98EB39B}
		{0D42A4B9-9969-4D76-851F-B12D4B25821A} = {0AB3BF05-4346-4AA6-1389-037BE0695223}
		{EB7FAD4A-C003-44C3-B9EA-49B1F16ED39D} = {5D20AA90-6969-D8BD-9DCD-8634F4692FDA}
		{7E1FD81F-6D34-4000-95CE-6A089AFD35BC} = {5D20AA90-6969-D8BD-9DCD-8634F4692FDA}
		{CC272F73-73B7-4A7C-BA7D-5E4A52D9226E} = {5D20AA90-6969-D8BD-9DCD-8634F4692FDA}
		{73B93024-C3F8-4A0A-AF55-6843A9569C83} = {5D20AA90-6969-D8BD-9DCD-8634F4692FDA}
		{8FC0C2E3-E355-4577-9AC8-435B15CF47F1} = {5D20AA90-6969-D8BD-9DCD-8634F4692FDA}
	EndGlobalSection
EndGlobal
